
Microsoft Visual Studio Solution File, Format Version 12.00
# Visual Studio Version 17
VisualStudioVersion = 17.6.33723.286
MinimumVisualStudioVersion = 10.0.40219.1
Project("{2150E333-8FDC-42A3-9474-1A3956D46DE8}") = "1 - Application", "1 - Application", "{6FECDAAA-13C1-4CB3-96C8-6F0152B4AB59}"
EndProject
Project("{2150E333-8FDC-42A3-9474-1A3956D46DE8}") = "2 - Domain", "2 - Domain", "{006DC043-4B46-4D5C-8546-FBFD681144DA}"
EndProject
Project("{2150E333-8FDC-42A3-9474-1A3956D46DE8}") = "3 - Service", "3 - Service", "{D0AE6BA2-43F2-4C48-BD83-6D6DC1ECEB0F}"
EndProject
Project("{2150E333-8FDC-42A3-9474-1A3956D46DE8}") = "Web", "Web", "{6CDE562F-2901-4CA4-BFBB-C434D44A29DB}"
EndProject
Project("{2150E333-8FDC-42A3-9474-1A3956D46DE8}") = "Core", "Core", "{BCD833A7-6CED-4D3C-997A-75C2D6C72E46}"
EndProject
Project("{2150E333-8FDC-42A3-9474-1A3956D46DE8}") = "Services", "Services", "{111EE59D-CBFA-4E02-9243-75B659BC10B9}"
EndProject
Project("{9A19103F-16F7-4668-BE54-9A1E7A4F7556}") = "Pesquisa.WebApp.Mvc", "Pesquisa.WebApp.Mvc\Pesquisa.WebApp.Mvc.csproj", "{8B55B8BA-1DC6-481A-A20E-8D7FCA5F5603}"
EndProject
Project("{9A19103F-16F7-4668-BE54-9A1E7A4F7556}") = "Pesquisa.Core", "Pesquisa.Core\Pesquisa.Core.csproj", "{3445502A-FF5F-410F-81C7-1F441B57CDBC}"
EndProject
Project("{2150E333-8FDC-42A3-9474-1A3956D46DE8}") = "Cliente", "Cliente", "{B31F2457-7339-4CE1-8006-CE959AB1DBA8}"
EndProject
Project("{2150E333-8FDC-42A3-9474-1A3956D46DE8}") = "Pesquisa", "Pesquisa", "{F5AB09B9-02EB-4622-A689-1C158FEB3A6C}"
EndProject
Project("{9A19103F-16F7-4668-BE54-9A1E7A4F7556}") = "Pesquisa.ClientApi", "Pesquisa.ClientApi\Pesquisa.ClientApi.csproj", "{88568869-DD66-4880-AB87-B41AEE2C6996}"
EndProject
Project("{9A19103F-16F7-4668-BE54-9A1E7A4F7556}") = "Pesquisa.SurveyApi", "Pesquisa.SurveyApi\Pesquisa.SurveyApi.csproj", "{13836692-F75A-4E2C-BF16-6FEBE6B14742}"
EndProject
Project("{9A19103F-16F7-4668-BE54-9A1E7A4F7556}") = "Pesquisa.WebAppDesafio", "Pesquisa.WebAppDesafio\Pesquisa.WebAppDesafio.csproj", "{9771AE2D-B8CA-4697-A8AA-F867A830876B}"
EndProject
Project("{2150E333-8FDC-42A3-9474-1A3956D46DE8}") = "Identity", "Identity", "{85A97970-65E1-4CD7-B684-34A98AE7020C}"
EndProject
Project("{FAE04EC0-301F-11D3-BF4B-00C04F79EFBC}") = "Pesquisa.IdentityApi", "Pesquisa.IdentityApi\Pesquisa.IdentityApi.csproj", "{B82F08FF-71DA-41FE-9C5E-CFEF497D9174}"
EndProject
Global
	GlobalSection(SolutionConfigurationPlatforms) = preSolution
		Debug|Any CPU = Debug|Any CPU
		Release|Any CPU = Release|Any CPU
	EndGlobalSection
	GlobalSection(ProjectConfigurationPlatforms) = postSolution
		{8B55B8BA-1DC6-481A-A20E-8D7FCA5F5603}.Debug|Any CPU.ActiveCfg = Debug|Any CPU
		{8B55B8BA-1DC6-481A-A20E-8D7FCA5F5603}.Debug|Any CPU.Build.0 = Debug|Any CPU
		{8B55B8BA-1DC6-481A-A20E-8D7FCA5F5603}.Release|Any CPU.ActiveCfg = Release|Any CPU
		{8B55B8BA-1DC6-481A-A20E-8D7FCA5F5603}.Release|Any CPU.Build.0 = Release|Any CPU
		{3445502A-FF5F-410F-81C7-1F441B57CDBC}.Debug|Any CPU.ActiveCfg = Debug|Any CPU
		{3445502A-FF5F-410F-81C7-1F441B57CDBC}.Debug|Any CPU.Build.0 = Debug|Any CPU
		{3445502A-FF5F-410F-81C7-1F441B57CDBC}.Release|Any CPU.ActiveCfg = Release|Any CPU
		{3445502A-FF5F-410F-81C7-1F441B57CDBC}.Release|Any CPU.Build.0 = Release|Any CPU
		{88568869-DD66-4880-AB87-B41AEE2C6996}.Debug|Any CPU.ActiveCfg = Debug|Any CPU
		{88568869-DD66-4880-AB87-B41AEE2C6996}.Debug|Any CPU.Build.0 = Debug|Any CPU
		{88568869-DD66-4880-AB87-B41AEE2C6996}.Release|Any CPU.ActiveCfg = Release|Any CPU
		{88568869-DD66-4880-AB87-B41AEE2C6996}.Release|Any CPU.Build.0 = Release|Any CPU
		{13836692-F75A-4E2C-BF16-6FEBE6B14742}.Debug|Any CPU.ActiveCfg = Debug|Any CPU
		{13836692-F75A-4E2C-BF16-6FEBE6B14742}.Debug|Any CPU.Build.0 = Debug|Any CPU
		{13836692-F75A-4E2C-BF16-6FEBE6B14742}.Release|Any CPU.ActiveCfg = Release|Any CPU
		{13836692-F75A-4E2C-BF16-6FEBE6B14742}.Release|Any CPU.Build.0 = Release|Any CPU
		{9771AE2D-B8CA-4697-A8AA-F867A830876B}.Debug|Any CPU.ActiveCfg = Debug|Any CPU
		{9771AE2D-B8CA-4697-A8AA-F867A830876B}.Debug|Any CPU.Build.0 = Debug|Any CPU
		{9771AE2D-B8CA-4697-A8AA-F867A830876B}.Release|Any CPU.ActiveCfg = Release|Any CPU
		{9771AE2D-B8CA-4697-A8AA-F867A830876B}.Release|Any CPU.Build.0 = Release|Any CPU
		{B82F08FF-71DA-41FE-9C5E-CFEF497D9174}.Debug|Any CPU.ActiveCfg = Debug|Any CPU
		{B82F08FF-71DA-41FE-9C5E-CFEF497D9174}.Debug|Any CPU.Build.0 = Debug|Any CPU
		{B82F08FF-71DA-41FE-9C5E-CFEF497D9174}.Release|Any CPU.ActiveCfg = Release|Any CPU
		{B82F08FF-71DA-41FE-9C5E-CFEF497D9174}.Release|Any CPU.Build.0 = Release|Any CPU
	EndGlobalSection
	GlobalSection(SolutionProperties) = preSolution
		HideSolutionNode = FALSE
	EndGlobalSection
	GlobalSection(NestedProjects) = preSolution
		{6CDE562F-2901-4CA4-BFBB-C434D44A29DB} = {6FECDAAA-13C1-4CB3-96C8-6F0152B4AB59}
		{BCD833A7-6CED-4D3C-997A-75C2D6C72E46} = {006DC043-4B46-4D5C-8546-FBFD681144DA}
		{111EE59D-CBFA-4E02-9243-75B659BC10B9} = {D0AE6BA2-43F2-4C48-BD83-6D6DC1ECEB0F}
		{8B55B8BA-1DC6-481A-A20E-8D7FCA5F5603} = {6CDE562F-2901-4CA4-BFBB-C434D44A29DB}
		{3445502A-FF5F-410F-81C7-1F441B57CDBC} = {BCD833A7-6CED-4D3C-997A-75C2D6C72E46}
		{B31F2457-7339-4CE1-8006-CE959AB1DBA8} = {111EE59D-CBFA-4E02-9243-75B659BC10B9}
		{F5AB09B9-02EB-4622-A689-1C158FEB3A6C} = {111EE59D-CBFA-4E02-9243-75B659BC10B9}
		{88568869-DD66-4880-AB87-B41AEE2C6996} = {B31F2457-7339-4CE1-8006-CE959AB1DBA8}
		{13836692-F75A-4E2C-BF16-6FEBE6B14742} = {F5AB09B9-02EB-4622-A689-1C158FEB3A6C}
		{9771AE2D-B8CA-4697-A8AA-F867A830876B} = {6CDE562F-2901-4CA4-BFBB-C434D44A29DB}
		{85A97970-65E1-4CD7-B684-34A98AE7020C} = {111EE59D-CBFA-4E02-9243-75B659BC10B9}
		{B82F08FF-71DA-41FE-9C5E-CFEF497D9174} = {85A97970-65E1-4CD7-B684-34A98AE7020C}
	EndGlobalSection
	GlobalSection(ExtensibilityGlobals) = postSolution
		SolutionGuid = {0C4CAF77-E1BD-490E-920A-6533531E06FE}
	EndGlobalSection
EndGlobal
